
Microsoft Visual Studio Solution File, Format Version 12.00
# Visual Studio Version 16
VisualStudioVersion = 16.0.30104.148
MinimumVisualStudioVersion = 10.0.40219.1
Project("{FAE04EC0-301F-11D3-BF4B-00C04F79EFBC}") = "TetrisGUI", "TetrisGUI\TetrisGUI.csproj", "{70A3D932-F309-4B9A-B971-F060CFC4FBCA}"
EndProject
Global
	GlobalSection(SolutionConfigurationPlatforms) = preSolution
		Debug|Any CPU = Debug|Any CPU
		Release|Any CPU = Release|Any CPU
	EndGlobalSection
	GlobalSection(ProjectConfigurationPlatforms) = postSolution
		{70A3D932-F309-4B9A-B971-F060CFC4FBCA}.Debug|Any CPU.ActiveCfg = Debug|Any CPU
		{70A3D932-F309-4B9A-B971-F060CFC4FBCA}.Debug|Any CPU.Build.0 = Debug|Any CPU
		{70A3D932-F309-4B9A-B971-F060CFC4FBCA}.Release|Any CPU.ActiveCfg = Release|Any CPU
		{70A3D932-F309-4B9A-B971-F060CFC4FBCA}.Release|Any CPU.Build.0 = Release|Any CPU
	EndGlobalSection
	GlobalSection(SolutionProperties) = preSolution
		HideSolutionNode = FALSE
	EndGlobalSection
	GlobalSection(ExtensibilityGlobals) = postSolution
		SolutionGuid = {C08D5931-21C3-4D06-B938-6F92FF588A8E}
	EndGlobalSection
EndGlobal
